lockfileVersion: 5.4

specifiers:
  dotenv: ^16.0.1
  react-toastify: ^9.0.3

dependencies:
  dotenv: 16.0.1
  react-toastify: 9.0.5

packages:

  /clsx/1.1.1:
    resolution: {integrity: sha512-6/bPho624p3S2pMyvP5kKBPXnI3ufHLObBFCfgx+LkeR5lg2XYy2hqZqUf45ypD8COn2bhgGJSUE+l5dhNBieA==}
    engines: {node: '>=6'}
    dev: false

  /dotenv/16.0.1:
    resolution: {integrity: sha512-1K6hR6wtk2FviQ4kEiSjFiH5rpzEVi8WW0x96aztHVMhEspNpc4DVOUTEHtEva5VThQ8IaBX1Pe4gSzpVVUsKQ==}
    engines: {node: '>=12'}
    dev: false

  /react-toastify/9.0.5:
    resolution: {integrity: sha512-dszPCeQINY+Nm6HmsiAXT/7wsazPqv0S/RuhIYLAW+fTKcd3T1iRjZG0XqrN9nvAzqaE5J6uxMaiBrOevxjY8g==}
    peerDependencies:
      react: '>=16'
      react-dom: '>=16'
    dependencies:
      clsx: 1.1.1
    dev: false
